
Microsoft Visual Studio Solution File, Format Version 12.00
# Visual Studio 15
VisualStudioVersion = 15.0.26124.0
MinimumVisualStudioVersion = 15.0.26124.0
Project("{2150E333-8FDC-42A3-9474-1A3956D46DE8}") = "solution-files", "solution-files", "{F870CF3E-8E25-4E65-9447-915974F064D4}"
ProjectSection(SolutionItems) = preProject
	docker-compose.yml = docker-compose.yml
	README.md = README.md
	build.ps1 = build.ps1
	Directory.Build.targets = Directory.Build.targets
	global.json = global.json
	nuget.config = nuget.config
EndProjectSection
EndProject
Project("{FAE04EC0-301F-11D3-BF4B-00C04F79EFBC}") = "proj1", "src\proj1\proj1.csproj", "{38E69A9F-287C-4155-B9A1-B0EAAC3E93F7}"
EndProject
Project("{FAE04EC0-301F-11D3-BF4B-00C04F79EFBC}") = "proj2", "src\proj2\proj2.csproj", "{9FD8E7AF-4351-4AEA-B605-921E33725326}"
EndProject
Project("{FAE04EC0-301F-11D3-BF4B-00C04F79EFBC}") = "targets", "targets\targets.csproj", "{2CC68A43-C0AB-4047-AD2D-D6CC1868E1BB}"
EndProject
Project("{FAE04EC0-301F-11D3-BF4B-00C04F79EFBC}") = "hello", "src\hello\hello.csproj", "{76321D12-4E99-4667-849A-0E7FA6C7A996}"
EndProject
Project("{FAE04EC0-301F-11D3-BF4B-00C04F79EFBC}") = "Shared.AspnetCore", "src\shared\Shared.AspnetCore.csproj", "{FE84A773-DF46-416D-9FC9-C51F00FC067F}"
EndProject
Project("{FAE04EC0-301F-11D3-BF4B-00C04F79EFBC}") = "SwaggerUI", "src\swagger-ui\SwaggerUI.csproj", "{1DCDA12C-A8D7-4E71-B354-12386319B80F}"
EndProject
Project("{FAE04EC0-301F-11D3-BF4B-00C04F79EFBC}") = "home", "src\home\home.csproj", "{4A5A4369-F08C-42B3-9B2F-330971103177}"
EndProject
Global
	GlobalSection(SolutionConfigurationPlatforms) = preSolution
		Debug|Any CPU = Debug|Any CPU
		Debug|x64 = Debug|x64
		Debug|x86 = Debug|x86
		Release|Any CPU = Release|Any CPU
		Release|x64 = Release|x64
		Release|x86 = Release|x86
	EndGlobalSection
	GlobalSection(SolutionProperties) = preSolution
		HideSolutionNode = FALSE
	EndGlobalSection
	GlobalSection(ProjectConfigurationPlatforms) = postSolution
		{38E69A9F-287C-4155-B9A1-B0EAAC3E93F7}.Debug|Any CPU.ActiveCfg = Debug|Any CPU
		{38E69A9F-287C-4155-B9A1-B0EAAC3E93F7}.Debug|Any CPU.Build.0 = Debug|Any CPU
		{38E69A9F-287C-4155-B9A1-B0EAAC3E93F7}.Debug|x64.ActiveCfg = Debug|Any CPU
		{38E69A9F-287C-4155-B9A1-B0EAAC3E93F7}.Debug|x64.Build.0 = Debug|Any CPU
		{38E69A9F-287C-4155-B9A1-B0EAAC3E93F7}.Debug|x86.ActiveCfg = Debug|Any CPU
		{38E69A9F-287C-4155-B9A1-B0EAAC3E93F7}.Debug|x86.Build.0 = Debug|Any CPU
		{38E69A9F-287C-4155-B9A1-B0EAAC3E93F7}.Release|Any CPU.ActiveCfg = Release|Any CPU
		{38E69A9F-287C-4155-B9A1-B0EAAC3E93F7}.Release|Any CPU.Build.0 = Release|Any CPU
		{38E69A9F-287C-4155-B9A1-B0EAAC3E93F7}.Release|x64.ActiveCfg = Release|Any CPU
		{38E69A9F-287C-4155-B9A1-B0EAAC3E93F7}.Release|x64.Build.0 = Release|Any CPU
		{38E69A9F-287C-4155-B9A1-B0EAAC3E93F7}.Release|x86.ActiveCfg = Release|Any CPU
		{38E69A9F-287C-4155-B9A1-B0EAAC3E93F7}.Release|x86.Build.0 = Release|Any CPU
		{9FD8E7AF-4351-4AEA-B605-921E33725326}.Debug|Any CPU.ActiveCfg = Debug|Any CPU
		{9FD8E7AF-4351-4AEA-B605-921E33725326}.Debug|Any CPU.Build.0 = Debug|Any CPU
		{9FD8E7AF-4351-4AEA-B605-921E33725326}.Debug|x64.ActiveCfg = Debug|Any CPU
		{9FD8E7AF-4351-4AEA-B605-921E33725326}.Debug|x64.Build.0 = Debug|Any CPU
		{9FD8E7AF-4351-4AEA-B605-921E33725326}.Debug|x86.ActiveCfg = Debug|Any CPU
		{9FD8E7AF-4351-4AEA-B605-921E33725326}.Debug|x86.Build.0 = Debug|Any CPU
		{9FD8E7AF-4351-4AEA-B605-921E33725326}.Release|Any CPU.ActiveCfg = Release|Any CPU
		{9FD8E7AF-4351-4AEA-B605-921E33725326}.Release|Any CPU.Build.0 = Release|Any CPU
		{9FD8E7AF-4351-4AEA-B605-921E33725326}.Release|x64.ActiveCfg = Release|Any CPU
		{9FD8E7AF-4351-4AEA-B605-921E33725326}.Release|x64.Build.0 = Release|Any CPU
		{9FD8E7AF-4351-4AEA-B605-921E33725326}.Release|x86.ActiveCfg = Release|Any CPU
		{9FD8E7AF-4351-4AEA-B605-921E33725326}.Release|x86.Build.0 = Release|Any CPU
		{2CC68A43-C0AB-4047-AD2D-D6CC1868E1BB}.Debug|Any CPU.ActiveCfg = Debug|Any CPU
		{2CC68A43-C0AB-4047-AD2D-D6CC1868E1BB}.Debug|Any CPU.Build.0 = Debug|Any CPU
		{2CC68A43-C0AB-4047-AD2D-D6CC1868E1BB}.Debug|x64.ActiveCfg = Debug|Any CPU
		{2CC68A43-C0AB-4047-AD2D-D6CC1868E1BB}.Debug|x64.Build.0 = Debug|Any CPU
		{2CC68A43-C0AB-4047-AD2D-D6CC1868E1BB}.Debug|x86.ActiveCfg = Debug|Any CPU
		{2CC68A43-C0AB-4047-AD2D-D6CC1868E1BB}.Debug|x86.Build.0 = Debug|Any CPU
		{2CC68A43-C0AB-4047-AD2D-D6CC1868E1BB}.Release|Any CPU.ActiveCfg = Release|Any CPU
		{2CC68A43-C0AB-4047-AD2D-D6CC1868E1BB}.Release|Any CPU.Build.0 = Release|Any CPU
		{2CC68A43-C0AB-4047-AD2D-D6CC1868E1BB}.Release|x64.ActiveCfg = Release|Any CPU
		{2CC68A43-C0AB-4047-AD2D-D6CC1868E1BB}.Release|x64.Build.0 = Release|Any CPU
		{2CC68A43-C0AB-4047-AD2D-D6CC1868E1BB}.Release|x86.ActiveCfg = Release|Any CPU
		{2CC68A43-C0AB-4047-AD2D-D6CC1868E1BB}.Release|x86.Build.0 = Release|Any CPU
		{76321D12-4E99-4667-849A-0E7FA6C7A996}.Debug|Any CPU.ActiveCfg = Debug|Any CPU
		{76321D12-4E99-4667-849A-0E7FA6C7A996}.Debug|Any CPU.Build.0 = Debug|Any CPU
		{76321D12-4E99-4667-849A-0E7FA6C7A996}.Debug|x64.ActiveCfg = Debug|Any CPU
		{76321D12-4E99-4667-849A-0E7FA6C7A996}.Debug|x64.Build.0 = Debug|Any CPU
		{76321D12-4E99-4667-849A-0E7FA6C7A996}.Debug|x86.ActiveCfg = Debug|Any CPU
		{76321D12-4E99-4667-849A-0E7FA6C7A996}.Debug|x86.Build.0 = Debug|Any CPU
		{76321D12-4E99-4667-849A-0E7FA6C7A996}.Release|Any CPU.ActiveCfg = Release|Any CPU
		{76321D12-4E99-4667-849A-0E7FA6C7A996}.Release|Any CPU.Build.0 = Release|Any CPU
		{76321D12-4E99-4667-849A-0E7FA6C7A996}.Release|x64.ActiveCfg = Release|Any CPU
		{76321D12-4E99-4667-849A-0E7FA6C7A996}.Release|x64.Build.0 = Release|Any CPU
		{76321D12-4E99-4667-849A-0E7FA6C7A996}.Release|x86.ActiveCfg = Release|Any CPU
		{76321D12-4E99-4667-849A-0E7FA6C7A996}.Release|x86.Build.0 = Release|Any CPU
		{FE84A773-DF46-416D-9FC9-C51F00FC067F}.Debug|Any CPU.ActiveCfg = Debug|Any CPU
		{FE84A773-DF46-416D-9FC9-C51F00FC067F}.Debug|Any CPU.Build.0 = Debug|Any CPU
		{FE84A773-DF46-416D-9FC9-C51F00FC067F}.Debug|x64.ActiveCfg = Debug|Any CPU
		{FE84A773-DF46-416D-9FC9-C51F00FC067F}.Debug|x64.Build.0 = Debug|Any CPU
		{FE84A773-DF46-416D-9FC9-C51F00FC067F}.Debug|x86.ActiveCfg = Debug|Any CPU
		{FE84A773-DF46-416D-9FC9-C51F00FC067F}.Debug|x86.Build.0 = Debug|Any CPU
		{FE84A773-DF46-416D-9FC9-C51F00FC067F}.Release|Any CPU.ActiveCfg = Release|Any CPU
		{FE84A773-DF46-416D-9FC9-C51F00FC067F}.Release|Any CPU.Build.0 = Release|Any CPU
		{FE84A773-DF46-416D-9FC9-C51F00FC067F}.Release|x64.ActiveCfg = Release|Any CPU
		{FE84A773-DF46-416D-9FC9-C51F00FC067F}.Release|x64.Build.0 = Release|Any CPU
		{FE84A773-DF46-416D-9FC9-C51F00FC067F}.Release|x86.ActiveCfg = Release|Any CPU
		{FE84A773-DF46-416D-9FC9-C51F00FC067F}.Release|x86.Build.0 = Release|Any CPU
		{1DCDA12C-A8D7-4E71-B354-12386319B80F}.Debug|Any CPU.ActiveCfg = Debug|Any CPU
		{1DCDA12C-A8D7-4E71-B354-12386319B80F}.Debug|Any CPU.Build.0 = Debug|Any CPU
		{1DCDA12C-A8D7-4E71-B354-12386319B80F}.Debug|x64.ActiveCfg = Debug|Any CPU
		{1DCDA12C-A8D7-4E71-B354-12386319B80F}.Debug|x64.Build.0 = Debug|Any CPU
		{1DCDA12C-A8D7-4E71-B354-12386319B80F}.Debug|x86.ActiveCfg = Debug|Any CPU
		{1DCDA12C-A8D7-4E71-B354-12386319B80F}.Debug|x86.Build.0 = Debug|Any CPU
		{1DCDA12C-A8D7-4E71-B354-12386319B80F}.Release|Any CPU.ActiveCfg = Release|Any CPU
		{1DCDA12C-A8D7-4E71-B354-12386319B80F}.Release|Any CPU.Build.0 = Release|Any CPU
		{1DCDA12C-A8D7-4E71-B354-12386319B80F}.Release|x64.ActiveCfg = Release|Any CPU
		{1DCDA12C-A8D7-4E71-B354-12386319B80F}.Release|x64.Build.0 = Release|Any CPU
		{1DCDA12C-A8D7-4E71-B354-12386319B80F}.Release|x86.ActiveCfg = Release|Any CPU
		{1DCDA12C-A8D7-4E71-B354-12386319B80F}.Release|x86.Build.0 = Release|Any CPU
		{4A5A4369-F08C-42B3-9B2F-330971103177}.Debug|Any CPU.ActiveCfg = Debug|Any CPU
		{4A5A4369-F08C-42B3-9B2F-330971103177}.Debug|Any CPU.Build.0 = Debug|Any CPU
		{4A5A4369-F08C-42B3-9B2F-330971103177}.Debug|x64.ActiveCfg = Debug|Any CPU
		{4A5A4369-F08C-42B3-9B2F-330971103177}.Debug|x64.Build.0 = Debug|Any CPU
		{4A5A4369-F08C-42B3-9B2F-330971103177}.Debug|x86.ActiveCfg = Debug|Any CPU
		{4A5A4369-F08C-42B3-9B2F-330971103177}.Debug|x86.Build.0 = Debug|Any CPU
		{4A5A4369-F08C-42B3-9B2F-330971103177}.Release|Any CPU.ActiveCfg = Release|Any CPU
		{4A5A4369-F08C-42B3-9B2F-330971103177}.Release|Any CPU.Build.0 = Release|Any CPU
		{4A5A4369-F08C-42B3-9B2F-330971103177}.Release|x64.ActiveCfg = Release|Any CPU
		{4A5A4369-F08C-42B3-9B2F-330971103177}.Release|x64.Build.0 = Release|Any CPU
		{4A5A4369-F08C-42B3-9B2F-330971103177}.Release|x86.ActiveCfg = Release|Any CPU
		{4A5A4369-F08C-42B3-9B2F-330971103177}.Release|x86.Build.0 = Release|Any CPU
	EndGlobalSection
EndGlobal
